// !$*UTF8*$!
{
	archiveVersion = 1;
	classes = {
	};
	objectVersion = 77;
	objects = {

/* Begin PBXBuildFile section */
		0BB969BB2A07A94D0A68D0C7 /* ScriptoriaCore in Frameworks */ = {isa = PBXBuildFile; productRef = DF67A018E769BBB21EA6E28A /* ScriptoriaCore */; };
		10D0C80B4E79E74F06C31D90 /* MenuBarPanel.swift in Sources */ = {isa = PBXBuildFile; fileRef = FE120ED0408898AB96B655FF /* MenuBarPanel.swift */; };
		1101D4D75F95D6E5C61D9762 /* ScriptoriaApp.swift in Sources */ = {isa = PBXBuildFile; fileRef = 314C4B3F5DEE48EE23608935 /* ScriptoriaApp.swift */; };
		14C5032478AD8E0E40750609 /* ScriptDetailView.swift in Sources */ = {isa = PBXBuildFile; fileRef = DBCD790DB86E129E5B8AAC27 /* ScriptDetailView.swift */; };
		18730951A4D97AAD6F17FC0C /* AppDelegate.swift in Sources */ = {isa = PBXBuildFile; fileRef = 8734D3C6C6D80C25E8EE3EFA /* AppDelegate.swift */; };
			6836D847EB2FB81F93BF6865 /* SettingsView.swift in Sources */ = {isa = PBXBuildFile; fileRef = 7828AA1B9D9E8F4ABB338426 /* SettingsView.swift */; };
			82326E1EF91940E0E56DA13C /* AppState.swift in Sources */ = {isa = PBXBuildFile; fileRef = 41F53EBF447399BC36FEC18B /* AppState.swift */; };
			A19A8E4D1C2B4F0AA66D2F11 /* FlowWorkbenchView.swift in Sources */ = {isa = PBXBuildFile; fileRef = A19A8E4C1C2B4F0AA66D2F11 /* FlowWorkbenchView.swift */; };
			AD4CC9D6D339E6656981A49C /* ScheduleView.swift in Sources */ = {isa = PBXBuildFile; fileRef = 926885C9F5B17D4FE43B7DED /* ScheduleView.swift */; };
		B76B2B08A4F11C853B7B7777 /* AllSchedulesView.swift in Sources */ = {isa = PBXBuildFile; fileRef = 2FDC65F4310EFA49277C47E8 /* AllSchedulesView.swift */; };
		C6CCFA4BA9270DC3DF63F9AF /* AddScriptSheet.swift in Sources */ = {isa = PBXBuildFile; fileRef = C1B5C87085FA75C7D7F4F73F /* AddScriptSheet.swift */; };
		ED30B7341DB4D991E93A9333 /* Theme.swift in Sources */ = {isa = PBXBuildFile; fileRef = B1E48F0320DA436D78535A30 /* Theme.swift */; };
		F27F0388CC886AA0ECAE97F0 /* OnboardingView.swift in Sources */ = {isa = PBXBuildFile; fileRef = 2925628068564CA6706DC15D /* OnboardingView.swift */; };
		F8965BFC7FD0BC00A237F7C0 /* MainWindowView.swift in Sources */ = {isa = PBXBuildFile; fileRef = 534A295C452035CF45B5B0D6 /* MainWindowView.swift */; };
/* End PBXBuildFile section */

/* Begin PBXFileReference section */
		001CC86E19769AC65E40D004 /* Scriptoria.entitlements */ = {isa = PBXFileReference; lastKnownFileType = text.plist.entitlements; path = Scriptoria.entitlements; sourceTree = "<group>"; };
		2925628068564CA6706DC15D /* OnboardingView.swift */ = {isa = PBXFileReference; lastKnownFileType = sourcecode.swift; path = OnboardingView.swift; sourceTree = "<group>"; };
		2FDC65F4310EFA49277C47E8 /* AllSchedulesView.swift */ = {isa = PBXFileReference; lastKnownFileType = sourcecode.swift; path = AllSchedulesView.swift; sourceTree = "<group>"; };
			314C4B3F5DEE48EE23608935 /* ScriptoriaApp.swift */ = {isa = PBXFileReference; lastKnownFileType = sourcecode.swift; path = ScriptoriaApp.swift; sourceTree = "<group>"; };
			41F53EBF447399BC36FEC18B /* AppState.swift */ = {isa = PBXFileReference; lastKnownFileType = sourcecode.swift; path = AppState.swift; sourceTree = "<group>"; };
			A19A8E4C1C2B4F0AA66D2F11 /* FlowWorkbenchView.swift */ = {isa = PBXFileReference; lastKnownFileType = sourcecode.swift; path = FlowWorkbenchView.swift; sourceTree = "<group>"; };
			534A295C452035CF45B5B0D6 /* MainWindowView.swift */ = {isa = PBXFileReference; lastKnownFileType = sourcecode.swift; path = MainWindowView.swift; sourceTree = "<group>"; };
		7828AA1B9D9E8F4ABB338426 /* SettingsView.swift */ = {isa = PBXFileReference; lastKnownFileType = sourcecode.swift; path = SettingsView.swift; sourceTree = "<group>"; };
		8734D3C6C6D80C25E8EE3EFA /* AppDelegate.swift */ = {isa = PBXFileReference; lastKnownFileType = sourcecode.swift; path = AppDelegate.swift; sourceTree = "<group>"; };
		8F1189A738FE4A29534EEF76 /* Scriptoria.app */ = {isa = PBXFileReference; explicitFileType = wrapper.application; includeInIndex = 0; path = Scriptoria.app; sourceTree = BUILT_PRODUCTS_DIR; };
		926885C9F5B17D4FE43B7DED /* ScheduleView.swift */ = {isa = PBXFileReference; lastKnownFileType = sourcecode.swift; path = ScheduleView.swift; sourceTree = "<group>"; };
		B1E48F0320DA436D78535A30 /* Theme.swift */ = {isa = PBXFileReference; lastKnownFileType = sourcecode.swift; path = Theme.swift; sourceTree = "<group>"; };
		C1B5C87085FA75C7D7F4F73F /* AddScriptSheet.swift */ = {isa = PBXFileReference; lastKnownFileType = sourcecode.swift; path = AddScriptSheet.swift; sourceTree = "<group>"; };
		DBCD790DB86E129E5B8AAC27 /* ScriptDetailView.swift */ = {isa = PBXFileReference; lastKnownFileType = sourcecode.swift; path = ScriptDetailView.swift; sourceTree = "<group>"; };
		E0F91808AB2E96360CCD7166 /* Scriptoria */ = {isa = PBXFileReference; lastKnownFileType = folder; name = Scriptoria; path = .; sourceTree = SOURCE_ROOT; };
		FE120ED0408898AB96B655FF /* MenuBarPanel.swift */ = {isa = PBXFileReference; lastKnownFileType = sourcecode.swift; path = MenuBarPanel.swift; sourceTree = "<group>"; };
/* End PBXFileReference section */

/* Begin PBXFrameworksBuildPhase section */
		04D7301337EE476CA469E51E /* Frameworks */ = {
			isa = PBXFrameworksBuildPhase;
			buildActionMask = 2147483647;
			files = (
				0BB969BB2A07A94D0A68D0C7 /* ScriptoriaCore in Frameworks */,
			);
			runOnlyForDeploymentPostprocessing = 0;
		};
/* End PBXFrameworksBuildPhase section */

/* Begin PBXGroup section */
		1C8C1DFED357D078F30C79C1 = {
			isa = PBXGroup;
			children = (
				8D523325928C99445B85E285 /* Packages */,
				E56A894F041B1827B6008BE5 /* ScriptoriaApp */,
				F937EC1104701F20437D41F9 /* Products */,
			);
			sourceTree = "<group>";
		};
		2425817D32E89AD61F8FBB01 /* MenuBar */ = {
			isa = PBXGroup;
			children = (
				FE120ED0408898AB96B655FF /* MenuBarPanel.swift */,
			);
			path = MenuBar;
			sourceTree = "<group>";
		};
		3B2B91CEE4B0CA3AA894EA28 /* Styles */ = {
			isa = PBXGroup;
			children = (
				B1E48F0320DA436D78535A30 /* Theme.swift */,
			);
			path = Styles;
			sourceTree = "<group>";
		};
		8D523325928C99445B85E285 /* Packages */ = {
			isa = PBXGroup;
			children = (
				E0F91808AB2E96360CCD7166 /* Scriptoria */,
			);
			name = Packages;
			sourceTree = "<group>";
		};
		B542B823D7ED98569BAD9853 /* Views */ = {
			isa = PBXGroup;
			children = (
				DB167BE26AF0E99D5C017456 /* Main */,
				2425817D32E89AD61F8FBB01 /* MenuBar */,
			);
			path = Views;
			sourceTree = "<group>";
		};
			DB167BE26AF0E99D5C017456 /* Main */ = {
				isa = PBXGroup;
				children = (
					C1B5C87085FA75C7D7F4F73F /* AddScriptSheet.swift */,
					2FDC65F4310EFA49277C47E8 /* AllSchedulesView.swift */,
					A19A8E4C1C2B4F0AA66D2F11 /* FlowWorkbenchView.swift */,
					534A295C452035CF45B5B0D6 /* MainWindowView.swift */,
					2925628068564CA6706DC15D /* OnboardingView.swift */,
					926885C9F5B17D4FE43B7DED /* ScheduleView.swift */,
					DBCD790DB86E129E5B8AAC27 /* ScriptDetailView.swift */,
					7828AA1B9D9E8F4ABB338426 /* SettingsView.swift */,
			);
			path = Main;
			sourceTree = "<group>";
		};
		E56A894F041B1827B6008BE5 /* ScriptoriaApp */ = {
			isa = PBXGroup;
			children = (
				8734D3C6C6D80C25E8EE3EFA /* AppDelegate.swift */,
				41F53EBF447399BC36FEC18B /* AppState.swift */,
				001CC86E19769AC65E40D004 /* Scriptoria.entitlements */,
				314C4B3F5DEE48EE23608935 /* ScriptoriaApp.swift */,
				3B2B91CEE4B0CA3AA894EA28 /* Styles */,
				B542B823D7ED98569BAD9853 /* Views */,
			);
			name = ScriptoriaApp;
			path = Sources/ScriptoriaApp;
			sourceTree = "<group>";
		};
		F937EC1104701F20437D41F9 /* Products */ = {
			isa = PBXGroup;
			children = (
				8F1189A738FE4A29534EEF76 /* Scriptoria.app */,
			);
			name = Products;
			sourceTree = "<group>";
		};
/* End PBXGroup section */

/* Begin PBXNativeTarget section */
		068878EA60076F330C42E1D3 /* Scriptoria */ = {
			isa = PBXNativeTarget;
			buildConfigurationList = E34E31504D888497B878EF7A /* Build configuration list for PBXNativeTarget "Scriptoria" */;
			buildPhases = (
				D848BC60306948A79CC99449 /* Sources */,
				04D7301337EE476CA469E51E /* Frameworks */,
			);
			buildRules = (
			);
			dependencies = (
			);
			name = Scriptoria;
			packageProductDependencies = (
				DF67A018E769BBB21EA6E28A /* ScriptoriaCore */,
			);
			productName = Scriptoria;
			productReference = 8F1189A738FE4A29534EEF76 /* Scriptoria.app */;
			productType = "com.apple.product-type.application";
		};
/* End PBXNativeTarget section */

/* Begin PBXProject section */
		AA83825914485DA3793ADE27 /* Project object */ = {
			isa = PBXProject;
			attributes = {
				BuildIndependentTargetsInParallel = YES;
				LastUpgradeCheck = 1600;
				TargetAttributes = {
				};
			};
			buildConfigurationList = E2F769C3D217C9E622AE3DEF /* Build configuration list for PBXProject "Scriptoria" */;
			developmentRegion = en;
			hasScannedForEncodings = 0;
			knownRegions = (
				Base,
				en,
			);
			mainGroup = 1C8C1DFED357D078F30C79C1;
			minimizedProjectReferenceProxies = 1;
			packageReferences = (
				A6D99DAB1F414DCBAF4E658F /* XCLocalSwiftPackageReference "." */,
			);
			preferredProjectObjectVersion = 77;
			productRefGroup = F937EC1104701F20437D41F9 /* Products */;
			projectDirPath = "";
			projectRoot = "";
			targets = (
				068878EA60076F330C42E1D3 /* Scriptoria */,
			);
		};
/* End PBXProject section */

/* Begin PBXSourcesBuildPhase section */
			D848BC60306948A79CC99449 /* Sources */ = {
				isa = PBXSourcesBuildPhase;
				buildActionMask = 2147483647;
				files = (
					C6CCFA4BA9270DC3DF63F9AF /* AddScriptSheet.swift in Sources */,
					B76B2B08A4F11C853B7B7777 /* AllSchedulesView.swift in Sources */,
					A19A8E4D1C2B4F0AA66D2F11 /* FlowWorkbenchView.swift in Sources */,
					18730951A4D97AAD6F17FC0C /* AppDelegate.swift in Sources */,
					82326E1EF91940E0E56DA13C /* AppState.swift in Sources */,
					F8965BFC7FD0BC00A237F7C0 /* MainWindowView.swift in Sources */,
					10D0C80B4E79E74F06C31D90 /* MenuBarPanel.swift in Sources */,
					F27F0388CC886AA0ECAE97F0 /* OnboardingView.swift in Sources */,
				AD4CC9D6D339E6656981A49C /* ScheduleView.swift in Sources */,
				14C5032478AD8E0E40750609 /* ScriptDetailView.swift in Sources */,
				1101D4D75F95D6E5C61D9762 /* ScriptoriaApp.swift in Sources */,
				6836D847EB2FB81F93BF6865 /* SettingsView.swift in Sources */,
				ED30B7341DB4D991E93A9333 /* Theme.swift in Sources */,
			);
			runOnlyForDeploymentPostprocessing = 0;
		};
/* End PBXSourcesBuildPhase section */

/* Begin XCBuildConfiguration section */
		2913CE64ED4654C9EE50B7E1 /* Debug */ = {
			isa = XCBuildConfiguration;
			buildSettings = {
				ASSETCATALOG_COMPILER_APPICON_NAME = AppIcon;
				CODE_SIGN_ENTITLEMENTS = Sources/ScriptoriaApp/Scriptoria.entitlements;
				COMBINE_HIDPI_IMAGES = YES;
				CURRENT_PROJECT_VERSION = 1;
				GENERATE_INFOPLIST_FILE = YES;
				INFOPLIST_KEY_CFBundleDisplayName = Scriptoria;
				INFOPLIST_KEY_LSUIElement = YES;
				LD_RUNPATH_SEARCH_PATHS = (
					"$(inherited)",
					"@executable_path/../Frameworks",
				);
				MACOSX_DEPLOYMENT_TARGET = 15.0;
				MARKETING_VERSION = 0.1.0;
				PRODUCT_BUNDLE_IDENTIFIER = com.scriptoria.app;
				PRODUCT_NAME = Scriptoria;
				SDKROOT = macosx;
				SWIFT_VERSION = 6.0;
			};
			name = Debug;
		};
		94B816E16C87089A540E02D8 /* Debug */ = {
			isa = XCBuildConfiguration;
			buildSettings = {
				ALWAYS_SEARCH_USER_PATHS = NO;
				CLANG_ANALYZER_NONNULL = YES;
				CLANG_ANALYZER_NUMBER_OBJECT_CONVERSION = YES_AGGRESSIVE;
				CLANG_CXX_LANGUAGE_STANDARD = "gnu++14";
				CLANG_CXX_LIBRARY = "libc++";
				CLANG_ENABLE_MODULES = YES;
				CLANG_ENABLE_OBJC_ARC = YES;
				CLANG_ENABLE_OBJC_WEAK = YES;
				CLANG_WARN_BLOCK_CAPTURE_AUTORELEASING = YES;
				CLANG_WARN_BOOL_CONVERSION = YES;
				CLANG_WARN_COMMA = YES;
				CLANG_WARN_CONSTANT_CONVERSION = YES;
				CLANG_WARN_DEPRECATED_OBJC_IMPLEMENTATIONS = YES;
				CLANG_WARN_DIRECT_OBJC_ISA_USAGE = YES_ERROR;
				CLANG_WARN_DOCUMENTATION_COMMENTS = YES;
				CLANG_WARN_EMPTY_BODY = YES;
				CLANG_WARN_ENUM_CONVERSION = YES;
				CLANG_WARN_INFINITE_RECURSION = YES;
				CLANG_WARN_INT_CONVERSION = YES;
				CLANG_WARN_NON_LITERAL_NULL_CONVERSION = YES;
				CLANG_WARN_OBJC_IMPLICIT_RETAIN_SELF = YES;
				CLANG_WARN_OBJC_LITERAL_CONVERSION = YES;
				CLANG_WARN_OBJC_ROOT_CLASS = YES_ERROR;
				CLANG_WARN_QUOTED_INCLUDE_IN_FRAMEWORK_HEADER = YES;
				CLANG_WARN_RANGE_LOOP_ANALYSIS = YES;
				CLANG_WARN_STRICT_PROTOTYPES = YES;
				CLANG_WARN_SUSPICIOUS_MOVE = YES;
				CLANG_WARN_UNGUARDED_AVAILABILITY = YES_AGGRESSIVE;
				CLANG_WARN_UNREACHABLE_CODE = YES;
				CLANG_WARN__DUPLICATE_METHOD_MATCH = YES;
				COPY_PHASE_STRIP = NO;
				DEBUG_INFORMATION_FORMAT = dwarf;
				ENABLE_STRICT_OBJC_MSGSEND = YES;
				ENABLE_TESTABILITY = YES;
				GCC_C_LANGUAGE_STANDARD = gnu11;
				GCC_DYNAMIC_NO_PIC = NO;
				GCC_NO_COMMON_BLOCKS = YES;
				GCC_OPTIMIZATION_LEVEL = 0;
				GCC_PREPROCESSOR_DEFINITIONS = (
					"$(inherited)",
					"DEBUG=1",
				);
				GCC_WARN_64_TO_32_BIT_CONVERSION = YES;
				GCC_WARN_ABOUT_RETURN_TYPE = YES_ERROR;
				GCC_WARN_UNDECLARED_SELECTOR = YES;
				GCC_WARN_UNINITIALIZED_AUTOS = YES_AGGRESSIVE;
				GCC_WARN_UNUSED_FUNCTION = YES;
				GCC_WARN_UNUSED_VARIABLE = YES;
				MACOSX_DEPLOYMENT_TARGET = 15.0;
				MTL_ENABLE_DEBUG_INFO = INCLUDE_SOURCE;
				MTL_FAST_MATH = YES;
				ONLY_ACTIVE_ARCH = YES;
				PRODUCT_NAME = "$(TARGET_NAME)";
				SDKROOT = macosx;
				SWIFT_ACTIVE_COMPILATION_CONDITIONS = DEBUG;
				SWIFT_OPTIMIZATION_LEVEL = "-Onone";
				SWIFT_VERSION = 5.0;
			};
			name = Debug;
		};
		BB61BA053F80C4EF81A640D9 /* Release */ = {
			isa = XCBuildConfiguration;
			buildSettings = {
				ALWAYS_SEARCH_USER_PATHS = NO;
				CLANG_ANALYZER_NONNULL = YES;
				CLANG_ANALYZER_NUMBER_OBJECT_CONVERSION = YES_AGGRESSIVE;
				CLANG_CXX_LANGUAGE_STANDARD = "gnu++14";
				CLANG_CXX_LIBRARY = "libc++";
				CLANG_ENABLE_MODULES = YES;
				CLANG_ENABLE_OBJC_ARC = YES;
				CLANG_ENABLE_OBJC_WEAK = YES;
				CLANG_WARN_BLOCK_CAPTURE_AUTORELEASING = YES;
				CLANG_WARN_BOOL_CONVERSION = YES;
				CLANG_WARN_COMMA = YES;
				CLANG_WARN_CONSTANT_CONVERSION = YES;
				CLANG_WARN_DEPRECATED_OBJC_IMPLEMENTATIONS = YES;
				CLANG_WARN_DIRECT_OBJC_ISA_USAGE = YES_ERROR;
				CLANG_WARN_DOCUMENTATION_COMMENTS = YES;
				CLANG_WARN_EMPTY_BODY = YES;
				CLANG_WARN_ENUM_CONVERSION = YES;
				CLANG_WARN_INFINITE_RECURSION = YES;
				CLANG_WARN_INT_CONVERSION = YES;
				CLANG_WARN_NON_LITERAL_NULL_CONVERSION = YES;
				CLANG_WARN_OBJC_IMPLICIT_RETAIN_SELF = YES;
				CLANG_WARN_OBJC_LITERAL_CONVERSION = YES;
				CLANG_WARN_OBJC_ROOT_CLASS = YES_ERROR;
				CLANG_WARN_QUOTED_INCLUDE_IN_FRAMEWORK_HEADER = YES;
				CLANG_WARN_RANGE_LOOP_ANALYSIS = YES;
				CLANG_WARN_STRICT_PROTOTYPES = YES;
				CLANG_WARN_SUSPICIOUS_MOVE = YES;
				CLANG_WARN_UNGUARDED_AVAILABILITY = YES_AGGRESSIVE;
				CLANG_WARN_UNREACHABLE_CODE = YES;
				CLANG_WARN__DUPLICATE_METHOD_MATCH = YES;
				COPY_PHASE_STRIP = NO;
				DEBUG_INFORMATION_FORMAT = "dwarf-with-dsym";
				ENABLE_NS_ASSERTIONS = NO;
				ENABLE_STRICT_OBJC_MSGSEND = YES;
				GCC_C_LANGUAGE_STANDARD = gnu11;
				GCC_NO_COMMON_BLOCKS = YES;
				GCC_WARN_64_TO_32_BIT_CONVERSION = YES;
				GCC_WARN_ABOUT_RETURN_TYPE = YES_ERROR;
				GCC_WARN_UNDECLARED_SELECTOR = YES;
				GCC_WARN_UNINITIALIZED_AUTOS = YES_AGGRESSIVE;
				GCC_WARN_UNUSED_FUNCTION = YES;
				GCC_WARN_UNUSED_VARIABLE = YES;
				MACOSX_DEPLOYMENT_TARGET = 15.0;
				MTL_ENABLE_DEBUG_INFO = NO;
				MTL_FAST_MATH = YES;
				PRODUCT_NAME = "$(TARGET_NAME)";
				SDKROOT = macosx;
				SWIFT_COMPILATION_MODE = wholemodule;
				SWIFT_OPTIMIZATION_LEVEL = "-O";
				SWIFT_VERSION = 5.0;
			};
			name = Release;
		};
		C5C337B39DFEF7A5AE68D859 /* Release */ = {
			isa = XCBuildConfiguration;
			buildSettings = {
				ASSETCATALOG_COMPILER_APPICON_NAME = AppIcon;
				CODE_SIGN_ENTITLEMENTS = Sources/ScriptoriaApp/Scriptoria.entitlements;
				COMBINE_HIDPI_IMAGES = YES;
				CURRENT_PROJECT_VERSION = 1;
				GENERATE_INFOPLIST_FILE = YES;
				INFOPLIST_KEY_CFBundleDisplayName = Scriptoria;
				INFOPLIST_KEY_LSUIElement = YES;
				LD_RUNPATH_SEARCH_PATHS = (
					"$(inherited)",
					"@executable_path/../Frameworks",
				);
				MACOSX_DEPLOYMENT_TARGET = 15.0;
				MARKETING_VERSION = 0.1.0;
				PRODUCT_BUNDLE_IDENTIFIER = com.scriptoria.app;
				PRODUCT_NAME = Scriptoria;
				SDKROOT = macosx;
				SWIFT_VERSION = 6.0;
			};
			name = Release;
		};
/* End XCBuildConfiguration section */

/* Begin XCConfigurationList section */
		E2F769C3D217C9E622AE3DEF /* Build configuration list for PBXProject "Scriptoria" */ = {
			isa = XCConfigurationList;
			buildConfigurations = (
				94B816E16C87089A540E02D8 /* Debug */,
				BB61BA053F80C4EF81A640D9 /* Release */,
			);
			defaultConfigurationIsVisible = 0;
			defaultConfigurationName = Debug;
		};
		E34E31504D888497B878EF7A /* Build configuration list for PBXNativeTarget "Scriptoria" */ = {
			isa = XCConfigurationList;
			buildConfigurations = (
				2913CE64ED4654C9EE50B7E1 /* Debug */,
				C5C337B39DFEF7A5AE68D859 /* Release */,
			);
			defaultConfigurationIsVisible = 0;
			defaultConfigurationName = Debug;
		};
/* End XCConfigurationList section */

/* Begin XCLocalSwiftPackageReference section */
		A6D99DAB1F414DCBAF4E658F /* XCLocalSwiftPackageReference "." */ = {
			isa = XCLocalSwiftPackageReference;
			relativePath = .;
		};
/* End XCLocalSwiftPackageReference section */

/* Begin XCSwiftPackageProductDependency section */
		DF67A018E769BBB21EA6E28A /* ScriptoriaCore */ = {
			isa = XCSwiftPackageProductDependency;
			productName = ScriptoriaCore;
		};
/* End XCSwiftPackageProductDependency section */
	};
	rootObject = AA83825914485DA3793ADE27 /* Project object */;
}
